// !$*UTF8*$!
{
	archiveVersion = 1;
	classes = {
	};
	objectVersion = 46;
	objects = {

/* Begin PBXBuildFile section */
		901520902150EDC6007F4A35 /* AppDelegate.swift in Sources */ = {isa = PBXBuildFile; fileRef = 9015208F2150EDC6007F4A35 /* AppDelegate.swift */; };
		901520922150EDC6007F4A35 /* HomeViewController.swift in Sources */ = {isa = PBXBuildFile; fileRef = 901520912150EDC6007F4A35 /* HomeViewController.swift */; };
		901520952150EDC6007F4A35 /* Main.storyboard in Resources */ = {isa = PBXBuildFile; fileRef = 901520932150EDC6007F4A35 /* Main.storyboard */; };
		901520972150EDC6007F4A35 /* Assets.xcassets in Resources */ = {isa = PBXBuildFile; fileRef = 901520962150EDC6007F4A35 /* Assets.xcassets */; };
		9015209A2150EDC6007F4A35 /* LaunchScreen.storyboard in Resources */ = {isa = PBXBuildFile; fileRef = 901520982150EDC6007F4A35 /* LaunchScreen.storyboard */; };
		901520A52150EDC6007F4A35 /* MovieAppTests.swift in Sources */ = {isa = PBXBuildFile; fileRef = 901520A42150EDC6007F4A35 /* MovieAppTests.swift */; };
		901520B421511113007F4A35 /* DetailsViewController.swift in Sources */ = {isa = PBXBuildFile; fileRef = 901520B321511113007F4A35 /* DetailsViewController.swift */; };
		901520B621511192007F4A35 /* HomeViewModel.swift in Sources */ = {isa = PBXBuildFile; fileRef = 901520B521511192007F4A35 /* HomeViewModel.swift */; };
		901520B8215111BA007F4A35 /* MovieDetailsViewModel.swift in Sources */ = {isa = PBXBuildFile; fileRef = 901520B7215111BA007F4A35 /* MovieDetailsViewModel.swift */; };
		901520BA21511754007F4A35 /* MovieCollectionCell.swift in Sources */ = {isa = PBXBuildFile; fileRef = 901520B921511754007F4A35 /* MovieCollectionCell.swift */; };
/* End PBXBuildFile section */

/* Begin PBXContainerItemProxy section */
		901520A12150EDC6007F4A35 /* PBXContainerItemProxy */ = {
			isa = PBXContainerItemProxy;
			containerPortal = 901520842150EDC6007F4A35 /* Project object */;
			proxyType = 1;
			remoteGlobalIDString = 9015208B2150EDC6007F4A35;
			remoteInfo = MovieApp;
		};
/* End PBXContainerItemProxy section */

/* Begin PBXFileReference section */
		9015208C2150EDC6007F4A35 /* MovieApp.app */ = {isa = PBXFileReference; explicitFileType = wrapper.application; includeInIndex = 0; path = MovieApp.app; sourceTree = BUILT_PRODUCTS_DIR; };
		9015208F2150EDC6007F4A35 /* AppDelegate.swift */ = {isa = PBXFileReference; lastKnownFileType = sourcecode.swift; path = AppDelegate.swift; sourceTree = "<group>"; };
		901520912150EDC6007F4A35 /* HomeViewController.swift */ = {isa = PBXFileReference; lastKnownFileType = sourcecode.swift; path = HomeViewController.swift; sourceTree = "<group>"; };
		901520942150EDC6007F4A35 /* Base */ = {isa = PBXFileReference; lastKnownFileType = file.storyboard; name = Base; path = Base.lproj/Main.storyboard; sourceTree = "<group>"; };
		901520962150EDC6007F4A35 /* Assets.xcassets */ = {isa = PBXFileReference; lastKnownFileType = folder.assetcatalog; path = Assets.xcassets; sourceTree = "<group>"; };
		901520992150EDC6007F4A35 /* Base */ = {isa = PBXFileReference; lastKnownFileType = file.storyboard; name = Base; path = Base.lproj/LaunchScreen.storyboard; sourceTree = "<group>"; };
		9015209B2150EDC6007F4A35 /* Info.plist */ = {isa = PBXFileReference; lastKnownFileType = text.plist.xml; path = Info.plist; sourceTree = "<group>"; };
		901520A02150EDC6007F4A35 /* MovieAppTests.xctest */ = {isa = PBXFileReference; explicitFileType = wrapper.cfbundle; includeInIndex = 0; path = MovieAppTests.xctest; sourceTree = BUILT_PRODUCTS_DIR; };
		901520A42150EDC6007F4A35 /* MovieAppTests.swift */ = {isa = PBXFileReference; lastKnownFileType = sourcecode.swift; path = MovieAppTests.swift; sourceTree = "<group>"; };
		901520A62150EDC6007F4A35 /* Info.plist */ = {isa = PBXFileReference; lastKnownFileType = text.plist.xml; path = Info.plist; sourceTree = "<group>"; };
		901520B321511113007F4A35 /* DetailsViewController.swift */ = {isa = PBXFileReference; fileEncoding = 4; lastKnownFileType = sourcecode.swift; path = DetailsViewController.swift; sourceTree = "<group>"; };
		901520B521511192007F4A35 /* HomeViewModel.swift */ = {isa = PBXFileReference; fileEncoding = 4; lastKnownFileType = sourcecode.swift; path = HomeViewModel.swift; sourceTree = "<group>"; };
		901520B7215111BA007F4A35 /* MovieDetailsViewModel.swift */ = {isa = PBXFileReference; fileEncoding = 4; lastKnownFileType = sourcecode.swift; path = MovieDetailsViewModel.swift; sourceTree = "<group>"; };
		901520B921511754007F4A35 /* MovieCollectionCell.swift */ = {isa = PBXFileReference; fileEncoding = 4; lastKnownFileType = sourcecode.swift; path = MovieCollectionCell.swift; sourceTree = "<group>"; };
/* End PBXFileReference section */

/* Begin PBXFrameworksBuildPhase section */
		901520892150EDC6007F4A35 /* Frameworks */ = {
			isa = PBXFrameworksBuildPhase;
			buildActionMask = 2147483647;
			files = (
			);
			runOnlyForDeploymentPostprocessing = 0;
		};
		9015209D2150EDC6007F4A35 /* Frameworks */ = {
			isa = PBXFrameworksBuildPhase;
			buildActionMask = 2147483647;
			files = (
			);
			runOnlyForDeploymentPostprocessing = 0;
		};
/* End PBXFrameworksBuildPhase section */

/* Begin PBXGroup section */
		901520832150EDC6007F4A35 = {
			isa = PBXGroup;
			children = (
				9015208E2150EDC6007F4A35 /* MovieApp */,
				901520A32150EDC6007F4A35 /* MovieAppTests */,
				9015208D2150EDC6007F4A35 /* Products */,
			);
			sourceTree = "<group>";
		};
		9015208D2150EDC6007F4A35 /* Products */ = {
			isa = PBXGroup;
			children = (
				9015208C2150EDC6007F4A35 /* MovieApp.app */,
				901520A02150EDC6007F4A35 /* MovieAppTests.xctest */,
			);
			name = Products;
			sourceTree = "<group>";
		};
		9015208E2150EDC6007F4A35 /* MovieApp */ = {
			isa = PBXGroup;
			children = (
				901520B2215110FA007F4A35 /* Controller */,
				901520B12150F099007F4A35 /* ViewModel */,
				901520B02150F094007F4A35 /* View */,
				901520AF2150F08D007F4A35 /* Model */,
				9015208F2150EDC6007F4A35 /* AppDelegate.swift */,
				901520932150EDC6007F4A35 /* Main.storyboard */,
				901520962150EDC6007F4A35 /* Assets.xcassets */,
				901520982150EDC6007F4A35 /* LaunchScreen.storyboard */,
				9015209B2150EDC6007F4A35 /* Info.plist */,
			);
			path = MovieApp;
			sourceTree = "<group>";
		};
		901520A32150EDC6007F4A35 /* MovieAppTests */ = {
			isa = PBXGroup;
			children = (
				901520A42150EDC6007F4A35 /* MovieAppTests.swift */,
				901520A62150EDC6007F4A35 /* Info.plist */,
			);
			path = MovieAppTests;
			sourceTree = "<group>";
		};
		901520AF2150F08D007F4A35 /* Model */ = {
			isa = PBXGroup;
			children = (
			);
			name = Model;
			sourceTree = "<group>";
		};
		901520B02150F094007F4A35 /* View */ = {
			isa = PBXGroup;
			children = (
				901520B921511754007F4A35 /* MovieCollectionCell.swift */,
			);
			name = View;
			sourceTree = "<group>";
		};
		901520B12150F099007F4A35 /* ViewModel */ = {
			isa = PBXGroup;
			children = (
				901520B521511192007F4A35 /* HomeViewModel.swift */,
				901520B7215111BA007F4A35 /* MovieDetailsViewModel.swift */,
			);
			name = ViewModel;
			sourceTree = "<group>";
		};
		901520B2215110FA007F4A35 /* Controller */ = {
			isa = PBXGroup;
			children = (
				901520B321511113007F4A35 /* DetailsViewController.swift */,
				901520912150EDC6007F4A35 /* HomeViewController.swift */,
			);
			name = Controller;
			sourceTree = "<group>";
		};
/* End PBXGroup section */

/* Begin PBXNativeTarget section */
		9015208B2150EDC6007F4A35 /* MovieApp */ = {
			isa = PBXNativeTarget;
			buildConfigurationList = 901520A92150EDC6007F4A35 /* Build configuration list for PBXNativeTarget "MovieApp" */;
			buildPhases = (
				901520882150EDC6007F4A35 /* Sources */,
				901520892150EDC6007F4A35 /* Frameworks */,
				9015208A2150EDC6007F4A35 /* Resources */,
			);
			buildRules = (
			);
			dependencies = (
			);
			name = MovieApp;
			productName = MovieApp;
			productReference = 9015208C2150EDC6007F4A35 /* MovieApp.app */;
			productType = "com.apple.product-type.application";
		};
		9015209F2150EDC6007F4A35 /* MovieAppTests */ = {
			isa = PBXNativeTarget;
			buildConfigurationList = 901520AC2150EDC6007F4A35 /* Build configuration list for PBXNativeTarget "MovieAppTests" */;
			buildPhases = (
				9015209C2150EDC6007F4A35 /* Sources */,
				9015209D2150EDC6007F4A35 /* Frameworks */,
				9015209E2150EDC6007F4A35 /* Resources */,
			);
			buildRules = (
			);
			dependencies = (
				901520A22150EDC6007F4A35 /* PBXTargetDependency */,
			);
			name = MovieAppTests;
			productName = MovieAppTests;
			productReference = 901520A02150EDC6007F4A35 /* MovieAppTests.xctest */;
			productType = "com.apple.product-type.bundle.unit-test";
		};
/* End PBXNativeTarget section */

/* Begin PBXProject section */
		901520842150EDC6007F4A35 /* Project object */ = {
			isa = PBXProject;
			attributes = {
				LastSwiftUpdateCheck = 0820;
				LastUpgradeCheck = 0820;
				ORGANIZATIONNAME = "Adarsh Shrivastava";
				TargetAttributes = {
					9015208B2150EDC6007F4A35 = {
						CreatedOnToolsVersion = 8.2.1;
						ProvisioningStyle = Automatic;
					};
					9015209F2150EDC6007F4A35 = {
						CreatedOnToolsVersion = 8.2.1;
						ProvisioningStyle = Automatic;
						TestTargetID = 9015208B2150EDC6007F4A35;
					};
				};
			};
			buildConfigurationList = 901520872150EDC6007F4A35 /* Build configuration list for PBXProject "MovieApp" */;
			compatibilityVersion = "Xcode 3.2";
			developmentRegion = English;
			hasScannedForEncodings = 0;
			knownRegions = (
				en,
				Base,
			);
			mainGroup = 901520832150EDC6007F4A35;
			productRefGroup = 9015208D2150EDC6007F4A35 /* Products */;
			projectDirPath = "";
			projectRoot = "";
			targets = (
				9015208B2150EDC6007F4A35 /* MovieApp */,
				9015209F2150EDC6007F4A35 /* MovieAppTests */,
			);
		};
/* End PBXProject section */

/* Begin PBXResourcesBuildPhase section */
		9015208A2150EDC6007F4A35 /* Resources */ = {
			isa = PBXResourcesBuildPhase;
			buildActionMask = 2147483647;
			files = (
				9015209A2150EDC6007F4A35 /* LaunchScreen.storyboard in Resources */,
				901520972150EDC6007F4A35 /* Assets.xcassets in Resources */,
				901520952150EDC6007F4A35 /* Main.storyboard in Resources */,
			);
			runOnlyForDeploymentPostprocessing = 0;
		};
		9015209E2150EDC6007F4A35 /* Resources */ = {
			isa = PBXResourcesBuildPhase;
			buildActionMask = 2147483647;
			files = (
			);
			runOnlyForDeploymentPostprocessing = 0;
		};
/* End PBXResourcesBuildPhase section */

/* Begin PBXSourcesBuildPhase section */
		901520882150EDC6007F4A35 /* Sources */ = {
			isa = PBXSourcesBuildPhase;
			buildActionMask = 2147483647;
			files = (
				901520BA21511754007F4A35 /* MovieCollectionCell.swift in Sources */,
				901520B8215111BA007F4A35 /* MovieDetailsViewModel.swift in Sources */,
				901520922150EDC6007F4A35 /* HomeViewController.swift in Sources */,
				901520902150EDC6007F4A35 /* AppDelegate.swift in Sources */,
				901520B421511113007F4A35 /* DetailsViewController.swift in Sources */,
				901520B621511192007F4A35 /* HomeViewModel.swift in Sources */,
			);
			runOnlyForDeploymentPostprocessing = 0;
		};
		9015209C2150EDC6007F4A35 /* Sources */ = {
			isa = PBXSourcesBuildPhase;
			buildActionMask = 2147483647;
			files = (
				901520A52150EDC6007F4A35 /* MovieAppTests.swift in Sources */,
			);
			runOnlyForDeploymentPostprocessing = 0;
		};
/* End PBXSourcesBuildPhase section */

/* Begin PBXTargetDependency section */
		901520A22150EDC6007F4A35 /* PBXTargetDependency */ = {
			isa = PBXTargetDependency;
			target = 9015208B2150EDC6007F4A35 /* MovieApp */;
			targetProxy = 901520A12150EDC6007F4A35 /* PBXContainerItemProxy */;
		};
/* End PBXTargetDependency section */

/* Begin PBXVariantGroup section */
		901520932150EDC6007F4A35 /* Main.storyboard */ = {
			isa = PBXVariantGroup;
			children = (
				901520942150EDC6007F4A35 /* Base */,
			);
			name = Main.storyboard;
			sourceTree = "<group>";
		};
		901520982150EDC6007F4A35 /* LaunchScreen.storyboard */ = {
			isa = PBXVariantGroup;
			children = (
				901520992150EDC6007F4A35 /* Base */,
			);
			name = LaunchScreen.storyboard;
			sourceTree = "<group>";
		};
/* End PBXVariantGroup section */

/* Begin XCBuildConfiguration section */
		901520A72150EDC6007F4A35 /* Debug */ = {
			isa = XCBuildConfiguration;
			buildSettings = {
				ALWAYS_SEARCH_USER_PATHS = NO;
				CLANG_ANALYZER_NONNULL = YES;
				CLANG_CXX_LANGUAGE_STANDARD = "gnu++0x";
				CLANG_CXX_LIBRARY = "libc++";
				CLANG_ENABLE_MODULES = YES;
				CLANG_ENABLE_OBJC_ARC = YES;
				CLANG_WARN_BOOL_CONVERSION = YES;
				CLANG_WARN_CONSTANT_CONVERSION = YES;
				CLANG_WARN_DIRECT_OBJC_ISA_USAGE = YES_ERROR;
				CLANG_WARN_DOCUMENTATION_COMMENTS = YES;
				CLANG_WARN_EMPTY_BODY = YES;
				CLANG_WARN_ENUM_CONVERSION = YES;
				CLANG_WARN_INFINITE_RECURSION = YES;
				CLANG_WARN_INT_CONVERSION = YES;
				CLANG_WARN_OBJC_ROOT_CLASS = YES_ERROR;
				CLANG_WARN_SUSPICIOUS_MOVE = YES;
				CLANG_WARN_UNREACHABLE_CODE = YES;
				CLANG_WARN__DUPLICATE_METHOD_MATCH = YES;
				"CODE_SIGN_IDENTITY[sdk=iphoneos*]" = "iPhone Developer";
				COPY_PHASE_STRIP = NO;
				DEBUG_INFORMATION_FORMAT = dwarf;
				ENABLE_STRICT_OBJC_MSGSEND = YES;
				ENABLE_TESTABILITY = YES;
				GCC_C_LANGUAGE_STANDARD = gnu99;
				GCC_DYNAMIC_NO_PIC = NO;
				GCC_NO_COMMON_BLOCKS = YES;
				GCC_OPTIMIZATION_LEVEL = 0;
				GCC_PREPROCESSOR_DEFINITIONS = (
					"DEBUG=1",
					"$(inherited)",
				);
				GCC_WARN_64_TO_32_BIT_CONVERSION = YES;
				GCC_WARN_ABOUT_RETURN_TYPE = YES_ERROR;
				GCC_WARN_UNDECLARED_SELECTOR = YES;
				GCC_WARN_UNINITIALIZED_AUTOS = YES_AGGRESSIVE;
				GCC_WARN_UNUSED_FUNCTION = YES;
				GCC_WARN_UNUSED_VARIABLE = YES;
				IPHONEOS_DEPLOYMENT_TARGET = 10.2;
				MTL_ENABLE_DEBUG_INFO = YES;
				ONLY_ACTIVE_ARCH = YES;
				SDKROOT = iphoneos;
				SWIFT_ACTIVE_COMPILATION_CONDITIONS = DEBUG;
				SWIFT_OPTIMIZATION_LEVEL = "-Onone";
				TARGETED_DEVICE_FAMILY = "1,2";
			};
			name = Debug;
		};
		901520A82150EDC6007F4A35 /* Release */ = {
			isa = XCBuildConfiguration;
			buildSettings = {
				ALWAYS_SEARCH_USER_PATHS = NO;
				CLANG_ANALYZER_NONNULL = YES;
				CLANG_CXX_LANGUAGE_STANDARD = "gnu++0x";
				CLANG_CXX_LIBRARY = "libc++";
				CLANG_ENABLE_MODULES = YES;
				CLANG_ENABLE_OBJC_ARC = YES;
				CLANG_WARN_BOOL_CONVERSION = YES;
				CLANG_WARN_CONSTANT_CONVERSION = YES;
				CLANG_WARN_DIRECT_OBJC_ISA_USAGE = YES_ERROR;
				CLANG_WARN_DOCUMENTATION_COMMENTS = YES;
				CLANG_WARN_EMPTY_BODY = YES;
				CLANG_WARN_ENUM_CONVERSION = YES;
				CLANG_WARN_INFINITE_RECURSION = YES;
				CLANG_WARN_INT_CONVERSION = YES;
				CLANG_WARN_OBJC_ROOT_CLASS = YES_ERROR;
				CLANG_WARN_SUSPICIOUS_MOVE = YES;
				CLANG_WARN_UNREACHABLE_CODE = YES;
				CLANG_WARN__DUPLICATE_METHOD_MATCH = YES;
				"CODE_SIGN_IDENTITY[sdk=iphoneos*]" = "iPhone Developer";
				COPY_PHASE_STRIP = NO;
				DEBUG_INFORMATION_FORMAT = "dwarf-with-dsym";
				ENABLE_NS_ASSERTIONS = NO;
				ENABLE_STRICT_OBJC_MSGSEND = YES;
				GCC_C_LANGUAGE_STANDARD = gnu99;
				GCC_NO_COMMON_BLOCKS = YES;
				GCC_WARN_64_TO_32_BIT_CONVERSION = YES;
				GCC_WARN_ABOUT_RETURN_TYPE = YES_ERROR;
				GCC_WARN_UNDECLARED_SELECTOR = YES;
				GCC_WARN_UNINITIALIZED_AUTOS = YES_AGGRESSIVE;
				GCC_WARN_UNUSED_FUNCTION = YES;
				GCC_WARN_UNUSED_VARIABLE = YES;
				IPHONEOS_DEPLOYMENT_TARGET = 10.2;
				MTL_ENABLE_DEBUG_INFO = NO;
				SDKROOT = iphoneos;
				SWIFT_OPTIMIZATION_LEVEL = "-Owholemodule";
				TARGETED_DEVICE_FAMILY = "1,2";
				VALIDATE_PRODUCT = YES;
			};
			name = Release;
		};
		901520AA2150EDC6007F4A35 /* Debug */ = {
			isa = XCBuildConfiguration;
			buildSettings = {
				ASSETCATALOG_COMPILER_APPICON_NAME = AppIcon;
				INFOPLIST_FILE = MovieApp/Info.plist;
				LD_RUNPATH_SEARCH_PATHS = "$(inherited) @executable_path/Frameworks";
				PRODUCT_BUNDLE_IDENTIFIER = self.MovieApp;
				PRODUCT_NAME = "$(TARGET_NAME)";
				SWIFT_VERSION = 3.0;
			};
			name = Debug;
		};
		901520AB2150EDC6007F4A35 /* Release */ = {
			isa = XCBuildConfiguration;
			buildSettings = {
				ASSETCATALOG_COMPILER_APPICON_NAME = AppIcon;
				INFOPLIST_FILE = MovieApp/Info.plist;
				LD_RUNPATH_SEARCH_PATHS = "$(inherited) @executable_path/Frameworks";
				PRODUCT_BUNDLE_IDENTIFIER = self.MovieApp;
				PRODUCT_NAME = "$(TARGET_NAME)";
				SWIFT_VERSION = 3.0;
			};
			name = Release;
		};
		901520AD2150EDC6007F4A35 /* Debug */ = {
			isa = XCBuildConfiguration;
			buildSettings = {
				ALWAYS_EMBED_SWIFT_STANDARD_LIBRARIES = YES;
				BUNDLE_LOADER = "$(TEST_HOST)";
				INFOPLIST_FILE = MovieAppTests/Info.plist;
				LD_RUNPATH_SEARCH_PATHS = "$(inherited) @executable_path/Frameworks @loader_path/Frameworks";
				PRODUCT_BUNDLE_IDENTIFIER = self.MovieAppTests;
				PRODUCT_NAME = "$(TARGET_NAME)";
				SWIFT_VERSION = 3.0;
				TEST_HOST = "$(BUILT_PRODUCTS_DIR)/MovieApp.app/MovieApp";
			};
			name = Debug;
		};
		901520AE2150EDC6007F4A35 /* Release */ = {
			isa = XCBuildConfiguration;
			buildSettings = {
				ALWAYS_EMBED_SWIFT_STANDARD_LIBRARIES = YES;
				BUNDLE_LOADER = "$(TEST_HOST)";
				INFOPLIST_FILE = MovieAppTests/Info.plist;
				LD_RUNPATH_SEARCH_PATHS = "$(inherited) @executable_path/Frameworks @loader_path/Frameworks";
				PRODUCT_BUNDLE_IDENTIFIER = self.MovieAppTests;
				PRODUCT_NAME = "$(TARGET_NAME)";
				SWIFT_VERSION = 3.0;
				TEST_HOST = "$(BUILT_PRODUCTS_DIR)/MovieApp.app/MovieApp";
			};
			name = Release;
		};
/* End XCBuildConfiguration section */

/* Begin XCConfigurationList section */
		901520872150EDC6007F4A35 /* Build configuration list for PBXProject "MovieApp" */ = {
			isa = XCConfigurationList;
			buildConfigurations = (
				901520A72150EDC6007F4A35 /* Debug */,
				901520A82150EDC6007F4A35 /* Release */,
			);
			defaultConfigurationIsVisible = 0;
			defaultConfigurationName = Release;
		};
		901520A92150EDC6007F4A35 /* Build configuration list for PBXNativeTarget "MovieApp" */ = {
			isa = XCConfigurationList;
			buildConfigurations = (
				901520AA2150EDC6007F4A35 /* Debug */,
				901520AB2150EDC6007F4A35 /* Release */,
			);
			defaultConfigurationIsVisible = 0;
		};
		901520AC2150EDC6007F4A35 /* Build configuration list for PBXNativeTarget "MovieAppTests" */ = {
			isa = XCConfigurationList;
			buildConfigurations = (
				901520AD2150EDC6007F4A35 /* Debug */,
				901520AE2150EDC6007F4A35 /* Release */,
			);
			defaultConfigurationIsVisible = 0;
		};
/* End XCConfigurationList section */
	};
	rootObject = 901520842150EDC6007F4A35 /* Project object */;
}
